// !$*UTF8*$!
{
	archiveVersion = 1;
	classes = {
	};
	objectVersion = 46;
	objects = {

/* Begin PBXBuildFile section */
		1931D1631BA092A800FED9E1 /* libGoogleAnalyticsServices.a in Frameworks */ = {isa = PBXBuildFile; fileRef = 1931D1621BA092A800FED9E1 /* libGoogleAnalyticsServices.a */; };
		1931D1661BA092B000FED9E1 /* libsqlite3.dylib in Frameworks */ = {isa = PBXBuildFile; fileRef = 1931D1651BA092B000FED9E1 /* libsqlite3.dylib */; };
		1931D1681BA092B500FED9E1 /* CoreData.framework in Frameworks */ = {isa = PBXBuildFile; fileRef = 1931D1671BA092B500FED9E1 /* CoreData.framework */; };
		1931D16A1BA092B800FED9E1 /* libz.dylib in Frameworks */ = {isa = PBXBuildFile; fileRef = 1931D1691BA092B800FED9E1 /* libz.dylib */; };
		1931D16C1BA092BD00FED9E1 /* SystemConfiguration.framework in Frameworks */ = {isa = PBXBuildFile; fileRef = 1931D16B1BA092BD00FED9E1 /* SystemConfiguration.framework */; };
		19E421D51BA089710048D717 /* main.m in Sources */ = {isa = PBXBuildFile; fileRef = 19E421D41BA089710048D717 /* main.m */; };
		19E421D81BA089710048D717 /* AppDelegate.m in Sources */ = {isa = PBXBuildFile; fileRef = 19E421D71BA089710048D717 /* AppDelegate.m */; };
		19E421DB1BA089710048D717 /* ViewController.m in Sources */ = {isa = PBXBuildFile; fileRef = 19E421DA1BA089710048D717 /* ViewController.m */; };
		19E421DE1BA089710048D717 /* Main.storyboard in Resources */ = {isa = PBXBuildFile; fileRef = 19E421DC1BA089710048D717 /* Main.storyboard */; };
		19E421E01BA089710048D717 /* Images.xcassets in Resources */ = {isa = PBXBuildFile; fileRef = 19E421DF1BA089710048D717 /* Images.xcassets */; };
		19E421E31BA089710048D717 /* LaunchScreen.xib in Resources */ = {isa = PBXBuildFile; fileRef = 19E421E11BA089710048D717 /* LaunchScreen.xib */; };
		19E421EF1BA089710048D717 /* FrameworkAppTests.m in Sources */ = {isa = PBXBuildFile; fileRef = 19E421EE1BA089710048D717 /* FrameworkAppTests.m */; };
		19E4231A1BA08B220048D717 /* SDK.framework in Frameworks */ = {isa = PBXBuildFile; fileRef = 19E422241BA0898A0048D717 /* SDK.framework */; };
/* End PBXBuildFile section */

/* Begin PBXContainerItemProxy section */
		19E421E91BA089710048D717 /* PBXContainerItemProxy */ = {
			isa = PBXContainerItemProxy;
			containerPortal = 19E421C71BA089710048D717 /* Project object */;
			proxyType = 1;
			remoteGlobalIDString = 19E421CE1BA089710048D717;
			remoteInfo = FrameworkApp;
		};
		19E422231BA0898A0048D717 /* PBXContainerItemProxy */ = {
			isa = PBXContainerItemProxy;
			containerPortal = 19E4221E1BA089890048D717 /* SDK.xcodeproj */;
			proxyType = 2;
			remoteGlobalIDString = 19E422021BA089890048D717;
			remoteInfo = SDK;
		};
		19E422251BA0898A0048D717 /* PBXContainerItemProxy */ = {
			isa = PBXContainerItemProxy;
			containerPortal = 19E4221E1BA089890048D717 /* SDK.xcodeproj */;
			proxyType = 2;
			remoteGlobalIDString = 19E4220D1BA089890048D717;
			remoteInfo = SDKTests;
		};
		19E4231B1BA08B7A0048D717 /* PBXContainerItemProxy */ = {
			isa = PBXContainerItemProxy;
			containerPortal = 19E4221E1BA089890048D717 /* SDK.xcodeproj */;
			proxyType = 1;
			remoteGlobalIDString = 19E422011BA089890048D717;
			remoteInfo = SDK;
		};
/* End PBXContainerItemProxy section */

/* Begin PBXFileReference section */
		1931D1621BA092A800FED9E1 /* libGoogleAnalyticsServices.a */ = {isa = PBXFileReference; lastKnownFileType = archive.ar; name = libGoogleAnalyticsServices.a; path = SDK/SDK/GoogleAnalyticsServicesiOS_3.13/libGoogleAnalyticsServices.a; sourceTree = "<group>"; };
		1931D1651BA092B000FED9E1 /* libsqlite3.dylib */ = {isa = PBXFileReference; lastKnownFileType = "compiled.mach-o.dylib"; name = libsqlite3.dylib; path = usr/lib/libsqlite3.dylib; sourceTree = SDKROOT; };
		1931D1671BA092B500FED9E1 /* CoreData.framework */ = {isa = PBXFileReference; lastKnownFileType = wrapper.framework; name = CoreData.framework; path = System/Library/Frameworks/CoreData.framework; sourceTree = SDKROOT; };
		1931D1691BA092B800FED9E1 /* libz.dylib */ = {isa = PBXFileReference; lastKnownFileType = "compiled.mach-o.dylib"; name = libz.dylib; path = usr/lib/libz.dylib; sourceTree = SDKROOT; };
		1931D16B1BA092BD00FED9E1 /* SystemConfiguration.framework */ = {isa = PBXFileReference; lastKnownFileType = wrapper.framework; name = SystemConfiguration.framework; path = System/Library/Frameworks/SystemConfiguration.framework; sourceTree = SDKROOT; };
		19E421CF1BA089710048D717 /* FrameworkApp.app */ = {isa = PBXFileReference; explicitFileType = wrapper.application; includeInIndex = 0; path = FrameworkApp.app; sourceTree = BUILT_PRODUCTS_DIR; };
		19E421D31BA089710048D717 /* Info.plist */ = {isa = PBXFileReference; lastKnownFileType = text.plist.xml; path = Info.plist; sourceTree = "<group>"; };
		19E421D41BA089710048D717 /* main.m */ = {isa = PBXFileReference; lastKnownFileType = sourcecode.c.objc; path = main.m; sourceTree = "<group>"; };
		19E421D61BA089710048D717 /* AppDelegate.h */ = {isa = PBXFileReference; lastKnownFileType = sourcecode.c.h; path = AppDelegate.h; sourceTree = "<group>"; };
		19E421D71BA089710048D717 /* AppDelegate.m */ = {isa = PBXFileReference; lastKnownFileType = sourcecode.c.objc; path = AppDelegate.m; sourceTree = "<group>"; };
		19E421D91BA089710048D717 /* ViewController.h */ = {isa = PBXFileReference; lastKnownFileType = sourcecode.c.h; path = ViewController.h; sourceTree = "<group>"; };
		19E421DA1BA089710048D717 /* ViewController.m */ = {isa = PBXFileReference; lastKnownFileType = sourcecode.c.objc; path = ViewController.m; sourceTree = "<group>"; };
		19E421DD1BA089710048D717 /* Base */ = {isa = PBXFileReference; lastKnownFileType = file.storyboard; name = Base; path = Base.lproj/Main.storyboard; sourceTree = "<group>"; };
		19E421DF1BA089710048D717 /* Images.xcassets */ = {isa = PBXFileReference; lastKnownFileType = folder.assetcatalog; path = Images.xcassets; sourceTree = "<group>"; };
		19E421E21BA089710048D717 /* Base */ = {isa = PBXFileReference; lastKnownFileType = file.xib; name = Base; path = Base.lproj/LaunchScreen.xib; sourceTree = "<group>"; };
		19E421E81BA089710048D717 /* FrameworkAppTests.xctest */ = {isa = PBXFileReference; explicitFileType = wrapper.cfbundle; includeInIndex = 0; path = FrameworkAppTests.xctest; sourceTree = BUILT_PRODUCTS_DIR; };
		19E421ED1BA089710048D717 /* Info.plist */ = {isa = PBXFileReference; lastKnownFileType = text.plist.xml; path = Info.plist; sourceTree = "<group>"; };
		19E421EE1BA089710048D717 /* FrameworkAppTests.m */ = {isa = PBXFileReference; lastKnownFileType = sourcecode.c.objc; path = FrameworkAppTests.m; sourceTree = "<group>"; };
		19E4221E1BA089890048D717 /* SDK.xcodeproj */ = {isa = PBXFileReference; lastKnownFileType = "wrapper.pb-project"; name = SDK.xcodeproj; path = SDK/SDK.xcodeproj; sourceTree = "<group>"; };
/* End PBXFileReference section */

/* Begin PBXFrameworksBuildPhase section */
		19E421CC1BA089710048D717 /* Frameworks */ = {
			isa = PBXFrameworksBuildPhase;
			buildActionMask = 2147483647;
			files = (
				1931D16C1BA092BD00FED9E1 /* SystemConfiguration.framework in Frameworks */,
				1931D16A1BA092B800FED9E1 /* libz.dylib in Frameworks */,
				1931D1681BA092B500FED9E1 /* CoreData.framework in Frameworks */,
				1931D1661BA092B000FED9E1 /* libsqlite3.dylib in Frameworks */,
				19E4231A1BA08B220048D717 /* SDK.framework in Frameworks */,
				1931D1631BA092A800FED9E1 /* libGoogleAnalyticsServices.a in Frameworks */,
			);
			runOnlyForDeploymentPostprocessing = 0;
		};
		19E421E51BA089710048D717 /* Frameworks */ = {
			isa = PBXFrameworksBuildPhase;
			buildActionMask = 2147483647;
			files = (
			);
			runOnlyForDeploymentPostprocessing = 0;
		};
/* End PBXFrameworksBuildPhase section */

/* Begin PBXGroup section */
		19E421C61BA089710048D717 = {
			isa = PBXGroup;
			children = (
				1931D16B1BA092BD00FED9E1 /* SystemConfiguration.framework */,
				1931D1691BA092B800FED9E1 /* libz.dylib */,
				1931D1671BA092B500FED9E1 /* CoreData.framework */,
				1931D1651BA092B000FED9E1 /* libsqlite3.dylib */,
				1931D1621BA092A800FED9E1 /* libGoogleAnalyticsServices.a */,
				19E4221E1BA089890048D717 /* SDK.xcodeproj */,
				19E421D11BA089710048D717 /* FrameworkApp */,
				19E421EB1BA089710048D717 /* FrameworkAppTests */,
				19E421D01BA089710048D717 /* Products */,
			);
			sourceTree = "<group>";
		};
		19E421D01BA089710048D717 /* Products */ = {
			isa = PBXGroup;
			children = (
				19E421CF1BA089710048D717 /* FrameworkApp.app */,
				19E421E81BA089710048D717 /* FrameworkAppTests.xctest */,
			);
			name = Products;
			sourceTree = "<group>";
		};
		19E421D11BA089710048D717 /* FrameworkApp */ = {
			isa = PBXGroup;
			children = (
				19E421D61BA089710048D717 /* AppDelegate.h */,
				19E421D71BA089710048D717 /* AppDelegate.m */,
				19E421D91BA089710048D717 /* ViewController.h */,
				19E421DA1BA089710048D717 /* ViewController.m */,
				19E421DC1BA089710048D717 /* Main.storyboard */,
				19E421DF1BA089710048D717 /* Images.xcassets */,
				19E421E11BA089710048D717 /* LaunchScreen.xib */,
				19E421D21BA089710048D717 /* Supporting Files */,
			);
			path = FrameworkApp;
			sourceTree = "<group>";
		};
		19E421D21BA089710048D717 /* Supporting Files */ = {
			isa = PBXGroup;
			children = (
				19E421D31BA089710048D717 /* Info.plist */,
				19E421D41BA089710048D717 /* main.m */,
			);
			name = "Supporting Files";
			sourceTree = "<group>";
		};
		19E421EB1BA089710048D717 /* FrameworkAppTests */ = {
			isa = PBXGroup;
			children = (
				19E421EE1BA089710048D717 /* FrameworkAppTests.m */,
				19E421EC1BA089710048D717 /* Supporting Files */,
			);
			path = FrameworkAppTests;
			sourceTree = "<group>";
		};
		19E421EC1BA089710048D717 /* Supporting Files */ = {
			isa = PBXGroup;
			children = (
				19E421ED1BA089710048D717 /* Info.plist */,
			);
			name = "Supporting Files";
			sourceTree = "<group>";
		};
		19E4221F1BA089890048D717 /* Products */ = {
			isa = PBXGroup;
			children = (
				19E422241BA0898A0048D717 /* SDK.framework */,
				19E422261BA0898A0048D717 /* SDKTests.xctest */,
			);
			name = Products;
			sourceTree = "<group>";
		};
/* End PBXGroup section */

/* Begin PBXNativeTarget section */
		19E421CE1BA089710048D717 /* FrameworkApp */ = {
			isa = PBXNativeTarget;
			buildConfigurationList = 19E421F21BA089710048D717 /* Build configuration list for PBXNativeTarget "FrameworkApp" */;
			buildPhases = (
				19E421CB1BA089710048D717 /* Sources */,
				19E421CC1BA089710048D717 /* Frameworks */,
				19E421CD1BA089710048D717 /* Resources */,
			);
			buildRules = (
			);
			dependencies = (
				19E4231C1BA08B7A0048D717 /* PBXTargetDependency */,
			);
			name = FrameworkApp;
			productName = FrameworkApp;
			productReference = 19E421CF1BA089710048D717 /* FrameworkApp.app */;
			productType = "com.apple.product-type.application";
		};
		19E421E71BA089710048D717 /* FrameworkAppTests */ = {
			isa = PBXNativeTarget;
			buildConfigurationList = 19E421F51BA089710048D717 /* Build configuration list for PBXNativeTarget "FrameworkAppTests" */;
			buildPhases = (
				19E421E41BA089710048D717 /* Sources */,
				19E421E51BA089710048D717 /* Frameworks */,
				19E421E61BA089710048D717 /* Resources */,
			);
			buildRules = (
			);
			dependencies = (
				19E421EA1BA089710048D717 /* PBXTargetDependency */,
			);
			name = FrameworkAppTests;
			productName = FrameworkAppTests;
			productReference = 19E421E81BA089710048D717 /* FrameworkAppTests.xctest */;
			productType = "com.apple.product-type.bundle.unit-test";
		};
/* End PBXNativeTarget section */

/* Begin PBXProject section */
		19E421C71BA089710048D717 /* Project object */ = {
			isa = PBXProject;
			attributes = {
				LastUpgradeCheck = 0640;
				ORGANIZATIONNAME = framework;
				TargetAttributes = {
					19E421CE1BA089710048D717 = {
						CreatedOnToolsVersion = 6.4;
					};
					19E421E71BA089710048D717 = {
						CreatedOnToolsVersion = 6.4;
						TestTargetID = 19E421CE1BA089710048D717;
					};
				};
			};
			buildConfigurationList = 19E421CA1BA089710048D717 /* Build configuration list for PBXProject "FrameworkApp" */;
			compatibilityVersion = "Xcode 3.2";
			developmentRegion = English;
			hasScannedForEncodings = 0;
			knownRegions = (
				en,
				Base,
			);
			mainGroup = 19E421C61BA089710048D717;
			productRefGroup = 19E421D01BA089710048D717 /* Products */;
			projectDirPath = "";
			projectReferences = (
				{
					ProductGroup = 19E4221F1BA089890048D717 /* Products */;
					ProjectRef = 19E4221E1BA089890048D717 /* SDK.xcodeproj */;
				},
			);
			projectRoot = "";
			targets = (
				19E421CE1BA089710048D717 /* FrameworkApp */,
				19E421E71BA089710048D717 /* FrameworkAppTests */,
			);
		};
/* End PBXProject section */

/* Begin PBXReferenceProxy section */
		19E422241BA0898A0048D717 /* SDK.framework */ = {
			isa = PBXReferenceProxy;
			fileType = wrapper.framework;
			path = SDK.framework;
			remoteRef = 19E422231BA0898A0048D717 /* PBXContainerItemProxy */;
			sourceTree = BUILT_PRODUCTS_DIR;
		};
		19E422261BA0898A0048D717 /* SDKTests.xctest */ = {
			isa = PBXReferenceProxy;
			fileType = wrapper.cfbundle;
			path = SDKTests.xctest;
			remoteRef = 19E422251BA0898A0048D717 /* PBXContainerItemProxy */;
			sourceTree = BUILT_PRODUCTS_DIR;
		};
/* End PBXReferenceProxy section */

/* Begin PBXResourcesBuildPhase section */
		19E421CD1BA089710048D717 /* Resources */ = {
			isa = PBXResourcesBuildPhase;
			buildActionMask = 2147483647;
			files = (
				19E421DE1BA089710048D717 /* Main.storyboard in Resources */,
				19E421E31BA089710048D717 /* LaunchScreen.xib in Resources */,
				19E421E01BA089710048D717 /* Images.xcassets in Resources */,
			);
			runOnlyForDeploymentPostprocessing = 0;
		};
		19E421E61BA089710048D717 /* Resources */ = {
			isa = PBXResourcesBuildPhase;
			buildActionMask = 2147483647;
			files = (
			);
			runOnlyForDeploymentPostprocessing = 0;
		};
/* End PBXResourcesBuildPhase section */

/* Begin PBXSourcesBuildPhase section */
		19E421CB1BA089710048D717 /* Sources */ = {
			isa = PBXSourcesBuildPhase;
			buildActionMask = 2147483647;
			files = (
				19E421DB1BA089710048D717 /* ViewController.m in Sources */,
				19E421D81BA089710048D717 /* AppDelegate.m in Sources */,
				19E421D51BA089710048D717 /* main.m in Sources */,
			);
			runOnlyForDeploymentPostprocessing = 0;
		};
		19E421E41BA089710048D717 /* Sources */ = {
			isa = PBXSourcesBuildPhase;
			buildActionMask = 2147483647;
			files = (
				19E421EF1BA089710048D717 /* FrameworkAppTests.m in Sources */,
			);
			runOnlyForDeploymentPostprocessing = 0;
		};
/* End PBXSourcesBuildPhase section */

/* Begin PBXTargetDependency section */
		19E421EA1BA089710048D717 /* PBXTargetDependency */ = {
			isa = PBXTargetDependency;
			target = 19E421CE1BA089710048D717 /* FrameworkApp */;
			targetProxy = 19E421E91BA089710048D717 /* PBXContainerItemProxy */;
		};
		19E4231C1BA08B7A0048D717 /* PBXTargetDependency */ = {
			isa = PBXTargetDependency;
			name = SDK;
			targetProxy = 19E4231B1BA08B7A0048D717 /* PBXContainerItemProxy */;
		};
/* End PBXTargetDependency section */

/* Begin PBXVariantGroup section */
		19E421DC1BA089710048D717 /* Main.storyboard */ = {
			isa = PBXVariantGroup;
			children = (
				19E421DD1BA089710048D717 /* Base */,
			);
			name = Main.storyboard;
			sourceTree = "<group>";
		};
		19E421E11BA089710048D717 /* LaunchScreen.xib */ = {
			isa = PBXVariantGroup;
			children = (
				19E421E21BA089710048D717 /* Base */,
			);
			name = LaunchScreen.xib;
			sourceTree = "<group>";
		};
/* End PBXVariantGroup section */

/* Begin XCBuildConfiguration section */
		19E421F01BA089710048D717 /* Debug */ = {
			isa = XCBuildConfiguration;
			buildSettings = {
				ALWAYS_SEARCH_USER_PATHS = NO;
				CLANG_CXX_LANGUAGE_STANDARD = "gnu++0x";
				CLANG_CXX_LIBRARY = "libc++";
				CLANG_ENABLE_MODULES = YES;
				CLANG_ENABLE_OBJC_ARC = YES;
				CLANG_WARN_BOOL_CONVERSION = YES;
				CLANG_WARN_CONSTANT_CONVERSION = YES;
				CLANG_WARN_DIRECT_OBJC_ISA_USAGE = YES_ERROR;
				CLANG_WARN_EMPTY_BODY = YES;
				CLANG_WARN_ENUM_CONVERSION = YES;
				CLANG_WARN_INT_CONVERSION = YES;
				CLANG_WARN_OBJC_ROOT_CLASS = YES_ERROR;
				CLANG_WARN_UNREACHABLE_CODE = YES;
				CLANG_WARN__DUPLICATE_METHOD_MATCH = YES;
				"CODE_SIGN_IDENTITY[sdk=iphoneos*]" = "iPhone Developer";
				COPY_PHASE_STRIP = NO;
				DEBUG_INFORMATION_FORMAT = "dwarf-with-dsym";
				ENABLE_STRICT_OBJC_MSGSEND = YES;
				GCC_C_LANGUAGE_STANDARD = gnu99;
				GCC_DYNAMIC_NO_PIC = NO;
				GCC_NO_COMMON_BLOCKS = YES;
				GCC_OPTIMIZATION_LEVEL = 0;
				GCC_PREPROCESSOR_DEFINITIONS = (
					"DEBUG=1",
					"$(inherited)",
				);
				GCC_SYMBOLS_PRIVATE_EXTERN = NO;
				GCC_WARN_64_TO_32_BIT_CONVERSION = YES;
				GCC_WARN_ABOUT_RETURN_TYPE = YES_ERROR;
				GCC_WARN_UNDECLARED_SELECTOR = YES;
				GCC_WARN_UNINITIALIZED_AUTOS = YES_AGGRESSIVE;
				GCC_WARN_UNUSED_FUNCTION = YES;
				GCC_WARN_UNUSED_VARIABLE = YES;
				IPHONEOS_DEPLOYMENT_TARGET = 8.4;
				MTL_ENABLE_DEBUG_INFO = YES;
				ONLY_ACTIVE_ARCH = YES;
				SDKROOT = iphoneos;
				TARGETED_DEVICE_FAMILY = "1,2";
			};
			name = Debug;
		};
		19E421F11BA089710048D717 /* Release */ = {
			isa = XCBuildConfiguration;
			buildSettings = {
				ALWAYS_SEARCH_USER_PATHS = NO;
				CLANG_CXX_LANGUAGE_STANDARD = "gnu++0x";
				CLANG_CXX_LIBRARY = "libc++";
				CLANG_ENABLE_MODULES = YES;
				CLANG_ENABLE_OBJC_ARC = YES;
				CLANG_WARN_BOOL_CONVERSION = YES;
				CLANG_WARN_CONSTANT_CONVERSION = YES;
				CLANG_WARN_DIRECT_OBJC_ISA_USAGE = YES_ERROR;
				CLANG_WARN_EMPTY_BODY = YES;
				CLANG_WARN_ENUM_CONVERSION = YES;
				CLANG_WARN_INT_CONVERSION = YES;
				CLANG_WARN_OBJC_ROOT_CLASS = YES_ERROR;
				CLANG_WARN_UNREACHABLE_CODE = YES;
				CLANG_WARN__DUPLICATE_METHOD_MATCH = YES;
				"CODE_SIGN_IDENTITY[sdk=iphoneos*]" = "iPhone Developer";
				COPY_PHASE_STRIP = NO;
				DEBUG_INFORMATION_FORMAT = "dwarf-with-dsym";
				ENABLE_NS_ASSERTIONS = NO;
				ENABLE_STRICT_OBJC_MSGSEND = YES;
				GCC_C_LANGUAGE_STANDARD = gnu99;
				GCC_NO_COMMON_BLOCKS = YES;
				GCC_WARN_64_TO_32_BIT_CONVERSION = YES;
				GCC_WARN_ABOUT_RETURN_TYPE = YES_ERROR;
				GCC_WARN_UNDECLARED_SELECTOR = YES;
				GCC_WARN_UNINITIALIZED_AUTOS = YES_AGGRESSIVE;
				GCC_WARN_UNUSED_FUNCTION = YES;
				GCC_WARN_UNUSED_VARIABLE = YES;
				IPHONEOS_DEPLOYMENT_TARGET = 8.4;
				MTL_ENABLE_DEBUG_INFO = NO;
				SDKROOT = iphoneos;
				TARGETED_DEVICE_FAMILY = "1,2";
				VALIDATE_PRODUCT = YES;
			};
			name = Release;
		};
		19E421F31BA089710048D717 /* Debug */ = {
			isa = XCBuildConfiguration;
			buildSettings = {
				ASSETCATALOG_COMPILER_APPICON_NAME = AppIcon;
				INFOPLIST_FILE = FrameworkApp/Info.plist;
				LD_RUNPATH_SEARCH_PATHS = "$(inherited) @executable_path/Frameworks";
				LIBRARY_SEARCH_PATHS = (
					"$(inherited)",
					"$(PROJECT_DIR)/SDK/SDK/GoogleAnalyticsServicesiOS_3.13",
				);
				PRODUCT_NAME = "$(TARGET_NAME)";
			};
			name = Debug;
		};
		19E421F41BA089710048D717 /* Release */ = {
			isa = XCBuildConfiguration;
			buildSettings = {
				ASSETCATALOG_COMPILER_APPICON_NAME = AppIcon;
				INFOPLIST_FILE = FrameworkApp/Info.plist;
				LD_RUNPATH_SEARCH_PATHS = "$(inherited) @executable_path/Frameworks";
				LIBRARY_SEARCH_PATHS = (
					"$(inherited)",
					"$(PROJECT_DIR)/SDK/SDK/GoogleAnalyticsServicesiOS_3.13",
				);
				PRODUCT_NAME = "$(TARGET_NAME)";
			};
			name = Release;
		};
		19E421F61BA089710048D717 /* Debug */ = {
			isa = XCBuildConfiguration;
			buildSettings = {
				BUNDLE_LOADER = "$(TEST_HOST)";
				FRAMEWORK_SEARCH_PATHS = (
					"$(SDKROOT)/Developer/Library/Frameworks",
					"$(inherited)",
				);
				GCC_PREPROCESSOR_DEFINITIONS = (
					"DEBUG=1",
					"$(inherited)",
				);
				INFOPLIST_FILE = FrameworkAppTests/Info.plist;
				LD_RUNPATH_SEARCH_PATHS = "$(inherited) @executable_path/Frameworks @loader_path/Frameworks";
				PRODUCT_NAME = "$(TARGET_NAME)";
				TEST_HOST = "$(BUILT_PRODUCTS_DIR)/FrameworkApp.app/FrameworkApp";
			};
			name = Debug;
		};
		19E421F71BA089710048D717 /* Release */ = {
			isa = XCBuildConfiguration;
			buildSettings = {
				BUNDLE_LOADER = "$(TEST_HOST)";
				FRAMEWORK_SEARCH_PATHS = (
					"$(SDKROOT)/Developer/Library/Frameworks",
					"$(inherited)",
				);
				INFOPLIST_FILE = FrameworkAppTests/Info.plist;
				LD_RUNPATH_SEARCH_PATHS = "$(inherited) @executable_path/Frameworks @loader_path/Frameworks";
				PRODUCT_NAME = "$(TARGET_NAME)";
				TEST_HOST = "$(BUILT_PRODUCTS_DIR)/FrameworkApp.app/FrameworkApp";
			};
			name = Release;
		};
/* End XCBuildConfiguration section */

/* Begin XCConfigurationList section */
		19E421CA1BA089710048D717 /* Build configuration list for PBXProject "FrameworkApp" */ = {
			isa = XCConfigurationList;
			buildConfigurations = (
				19E421F01BA089710048D717 /* Debug */,
				19E421F11BA089710048D717 /* Release */,
			);
			defaultConfigurationIsVisible = 0;
			defaultConfigurationName = Release;
		};
		19E421F21BA089710048D717 /* Build configuration list for PBXNativeTarget "FrameworkApp" */ = {
			isa = XCConfigurationList;
			buildConfigurations = (
				19E421F31BA089710048D717 /* Debug */,
				19E421F41BA089710048D717 /* Release */,
			);
			defaultConfigurationIsVisible = 0;
			defaultConfigurationName = Release;
		};
		19E421F51BA089710048D717 /* Build configuration list for PBXNativeTarget "FrameworkAppTests" */ = {
			isa = XCConfigurationList;
			buildConfigurations = (
				19E421F61BA089710048D717 /* Debug */,
				19E421F71BA089710048D717 /* Release */,
			);
			defaultConfigurationIsVisible = 0;
			defaultConfigurationName = Release;
		};
/* End XCConfigurationList section */
	};
	rootObject = 19E421C71BA089710048D717 /* Project object */;
}
